
Microsoft Visual Studio Solution File, Format Version 12.00
# Visual Studio Version 17
VisualStudioVersion = 17.3.32825.248
MinimumVisualStudioVersion = 10.0.40219.1
Project("{FAE04EC0-301F-11D3-BF4B-00C04F79EFBC}") = "FlappyBird_BarrottM", "FlappyBird_BarrottM.csproj", "{405229D1-3D0E-418B-9F54-A5B6543C2BEE}"
EndProject
Global
	GlobalSection(SolutionConfigurationPlatforms) = preSolution
		Debug|Any CPU = Debug|Any CPU
		Release|Any CPU = Release|Any CPU
	EndGlobalSection
	GlobalSection(ProjectConfigurationPlatforms) = postSolution
		{405229D1-3D0E-418B-9F54-A5B6543C2BEE}.Debug|Any CPU.ActiveCfg = Debug|Any CPU
		{405229D1-3D0E-418B-9F54-A5B6543C2BEE}.Debug|Any CPU.Build.0 = Debug|Any CPU
		{405229D1-3D0E-418B-9F54-A5B6543C2BEE}.Release|Any CPU.ActiveCfg = Release|Any CPU
		{405229D1-3D0E-418B-9F54-A5B6543C2BEE}.Release|Any CPU.Build.0 = Release|Any CPU
	EndGlobalSection
	GlobalSection(SolutionProperties) = preSolution
		HideSolutionNode = FALSE
	EndGlobalSection
	GlobalSection(ExtensibilityGlobals) = postSolution
		SolutionGuid = {29E9F1BD-F8B9-490B-99BE-3B9F4417C50F}
	EndGlobalSection
EndGlobal
